// !$*UTF8*$!
{
	archiveVersion = 1;
	classes = {
	};
	objectVersion = 55;
	objects = {

/* Begin PBXBuildFile section */
		46C667F327DA8EE6004278D8 /* AppDelegate.swift in Sources */ = {isa = PBXBuildFile; fileRef = 46C667F227DA8EE6004278D8 /* AppDelegate.swift */; };
		46C667F527DA8EE6004278D8 /* SceneDelegate.swift in Sources */ = {isa = PBXBuildFile; fileRef = 46C667F427DA8EE6004278D8 /* SceneDelegate.swift */; };
		46C667F727DA8EE6004278D8 /* ViewController.swift in Sources */ = {isa = PBXBuildFile; fileRef = 46C667F627DA8EE6004278D8 /* ViewController.swift */; };
		46C667FA27DA8EE6004278D8 /* Main.storyboard in Resources */ = {isa = PBXBuildFile; fileRef = 46C667F827DA8EE6004278D8 /* Main.storyboard */; };
		46C667FD27DA8EE6004278D8 /* CoreData2_0.xcdatamodeld in Sources */ = {isa = PBXBuildFile; fileRef = 46C667FB27DA8EE6004278D8 /* CoreData2_0.xcdatamodeld */; };
		46C667FF27DA8EE8004278D8 /* Assets.xcassets in Resources */ = {isa = PBXBuildFile; fileRef = 46C667FE27DA8EE8004278D8 /* Assets.xcassets */; };
		46C6680227DA8EE8004278D8 /* LaunchScreen.storyboard in Resources */ = {isa = PBXBuildFile; fileRef = 46C6680027DA8EE8004278D8 /* LaunchScreen.storyboard */; };
		46C6680B27DA9E0A004278D8 /* Person+CoreDataClass.swift in Sources */ = {isa = PBXBuildFile; fileRef = 46C6680927DA9E0A004278D8 /* Person+CoreDataClass.swift */; };
/* End PBXBuildFile section */

/* Begin PBXFileReference section */
		46C667EF27DA8EE6004278D8 /* CoreData2.0.app */ = {isa = PBXFileReference; explicitFileType = wrapper.application; includeInIndex = 0; path = CoreData2.0.app; sourceTree = BUILT_PRODUCTS_DIR; };
		46C667F227DA8EE6004278D8 /* AppDelegate.swift */ = {isa = PBXFileReference; lastKnownFileType = sourcecode.swift; path = AppDelegate.swift; sourceTree = "<group>"; };
		46C667F427DA8EE6004278D8 /* SceneDelegate.swift */ = {isa = PBXFileReference; lastKnownFileType = sourcecode.swift; path = SceneDelegate.swift; sourceTree = "<group>"; };
		46C667F627DA8EE6004278D8 /* ViewController.swift */ = {isa = PBXFileReference; lastKnownFileType = sourcecode.swift; path = ViewController.swift; sourceTree = "<group>"; };
		46C667F927DA8EE6004278D8 /* Base */ = {isa = PBXFileReference; lastKnownFileType = file.storyboard; name = Base; path = Base.lproj/Main.storyboard; sourceTree = "<group>"; };
		46C667FC27DA8EE6004278D8 /* CoreData2_0.xcdatamodel */ = {isa = PBXFileReference; lastKnownFileType = wrapper.xcdatamodel; path = CoreData2_0.xcdatamodel; sourceTree = "<group>"; };
		46C667FE27DA8EE8004278D8 /* Assets.xcassets */ = {isa = PBXFileReference; lastKnownFileType = folder.assetcatalog; path = Assets.xcassets; sourceTree = "<group>"; };
		46C6680127DA8EE8004278D8 /* Base */ = {isa = PBXFileReference; lastKnownFileType = file.storyboard; name = Base; path = Base.lproj/LaunchScreen.storyboard; sourceTree = "<group>"; };
		46C6680327DA8EE8004278D8 /* Info.plist */ = {isa = PBXFileReference; lastKnownFileType = text.plist.xml; path = Info.plist; sourceTree = "<group>"; };
		46C6680927DA9E0A004278D8 /* Person+CoreDataClass.swift */ = {isa = PBXFileReference; lastKnownFileType = sourcecode.swift; path = "Person+CoreDataClass.swift"; sourceTree = "<group>"; };
/* End PBXFileReference section */

/* Begin PBXFrameworksBuildPhase section */
		46C667EC27DA8EE6004278D8 /* Frameworks */ = {
			isa = PBXFrameworksBuildPhase;
			buildActionMask = 2147483647;
			files = (
			);
			runOnlyForDeploymentPostprocessing = 0;
		};
/* End PBXFrameworksBuildPhase section */

/* Begin PBXGroup section */
		46C667E627DA8EE6004278D8 = {
			isa = PBXGroup;
			children = (
				46C667F127DA8EE6004278D8 /* CoreData2.0 */,
				46C667F027DA8EE6004278D8 /* Products */,
			);
			sourceTree = "<group>";
		};
		46C667F027DA8EE6004278D8 /* Products */ = {
			isa = PBXGroup;
			children = (
				46C667EF27DA8EE6004278D8 /* CoreData2.0.app */,
			);
			name = Products;
			sourceTree = "<group>";
		};
		46C667F127DA8EE6004278D8 /* CoreData2.0 */ = {
			isa = PBXGroup;
			children = (
				46C6680D27DA9E1C004278D8 /* model */,
				46C667F227DA8EE6004278D8 /* AppDelegate.swift */,
				46C667F427DA8EE6004278D8 /* SceneDelegate.swift */,
				46C667F627DA8EE6004278D8 /* ViewController.swift */,
				46C667F827DA8EE6004278D8 /* Main.storyboard */,
				46C667FE27DA8EE8004278D8 /* Assets.xcassets */,
				46C6680027DA8EE8004278D8 /* LaunchScreen.storyboard */,
				46C6680327DA8EE8004278D8 /* Info.plist */,
				46C667FB27DA8EE6004278D8 /* CoreData2_0.xcdatamodeld */,
			);
			path = CoreData2.0;
			sourceTree = "<group>";
		};
		46C6680D27DA9E1C004278D8 /* model */ = {
			isa = PBXGroup;
			children = (
				46C6680927DA9E0A004278D8 /* Person+CoreDataClass.swift */,
			);
			path = model;
			sourceTree = "<group>";
		};
/* End PBXGroup section */

/* Begin PBXNativeTarget section */
		46C667EE27DA8EE6004278D8 /* CoreData2.0 */ = {
			isa = PBXNativeTarget;
			buildConfigurationList = 46C6680627DA8EE8004278D8 /* Build configuration list for PBXNativeTarget "CoreData2.0" */;
			buildPhases = (
				46C667EB27DA8EE6004278D8 /* Sources */,
				46C667EC27DA8EE6004278D8 /* Frameworks */,
				46C667ED27DA8EE6004278D8 /* Resources */,
			);
			buildRules = (
			);
			dependencies = (
			);
			name = CoreData2.0;
			productName = CoreData2.0;
			productReference = 46C667EF27DA8EE6004278D8 /* CoreData2.0.app */;
			productType = "com.apple.product-type.application";
		};
/* End PBXNativeTarget section */

/* Begin PBXProject section */
		46C667E727DA8EE6004278D8 /* Project object */ = {
			isa = PBXProject;
			attributes = {
				BuildIndependentTargetsInParallel = 1;
				LastSwiftUpdateCheck = 1320;
				LastUpgradeCheck = 1320;
				TargetAttributes = {
					46C667EE27DA8EE6004278D8 = {
						CreatedOnToolsVersion = 13.2.1;
					};
				};
			};
			buildConfigurationList = 46C667EA27DA8EE6004278D8 /* Build configuration list for PBXProject "CoreData2.0" */;
			compatibilityVersion = "Xcode 13.0";
			developmentRegion = en;
			hasScannedForEncodings = 0;
			knownRegions = (
				en,
				Base,
			);
			mainGroup = 46C667E627DA8EE6004278D8;
			productRefGroup = 46C667F027DA8EE6004278D8 /* Products */;
			projectDirPath = "";
			projectRoot = "";
			targets = (
				46C667EE27DA8EE6004278D8 /* CoreData2.0 */,
			);
		};
/* End PBXProject section */

/* Begin PBXResourcesBuildPhase section */
		46C667ED27DA8EE6004278D8 /* Resources */ = {
			isa = PBXResourcesBuildPhase;
			buildActionMask = 2147483647;
			files = (
				46C6680227DA8EE8004278D8 /* LaunchScreen.storyboard in Resources */,
				46C667FF27DA8EE8004278D8 /* Assets.xcassets in Resources */,
				46C667FA27DA8EE6004278D8 /* Main.storyboard in Resources */,
			);
			runOnlyForDeploymentPostprocessing = 0;
		};
/* End PBXResourcesBuildPhase section */

/* Begin PBXSourcesBuildPhase section */
		46C667EB27DA8EE6004278D8 /* Sources */ = {
			isa = PBXSourcesBuildPhase;
			buildActionMask = 2147483647;
			files = (
				46C667FD27DA8EE6004278D8 /* CoreData2_0.xcdatamodeld in Sources */,
				46C667F727DA8EE6004278D8 /* ViewController.swift in Sources */,
				46C6680B27DA9E0A004278D8 /* Person+CoreDataClass.swift in Sources */,
				46C667F327DA8EE6004278D8 /* AppDelegate.swift in Sources */,
				46C667F527DA8EE6004278D8 /* SceneDelegate.swift in Sources */,
			);
			runOnlyForDeploymentPostprocessing = 0;
		};
/* End PBXSourcesBuildPhase section */

/* Begin PBXVariantGroup section */
		46C667F827DA8EE6004278D8 /* Main.storyboard */ = {
			isa = PBXVariantGroup;
			children = (
				46C667F927DA8EE6004278D8 /* Base */,
			);
			name = Main.storyboard;
			sourceTree = "<group>";
		};
		46C6680027DA8EE8004278D8 /* LaunchScreen.storyboard */ = {
			isa = PBXVariantGroup;
			children = (
				46C6680127DA8EE8004278D8 /* Base */,
			);
			name = LaunchScreen.storyboard;
			sourceTree = "<group>";
		};
/* End PBXVariantGroup section */

/* Begin XCBuildConfiguration section */
		46C6680427DA8EE8004278D8 /* Debug */ = {
			isa = XCBuildConfiguration;
			buildSettings = {
				ALWAYS_SEARCH_USER_PATHS = NO;
				CLANG_ANALYZER_NONNULL = YES;
				CLANG_ANALYZER_NUMBER_OBJECT_CONVERSION = YES_AGGRESSIVE;
				CLANG_CXX_LANGUAGE_STANDARD = "gnu++17";
				CLANG_CXX_LIBRARY = "libc++";
				CLANG_ENABLE_MODULES = YES;
				CLANG_ENABLE_OBJC_ARC = YES;
				CLANG_ENABLE_OBJC_WEAK = YES;
				CLANG_WARN_BLOCK_CAPTURE_AUTORELEASING = YES;
				CLANG_WARN_BOOL_CONVERSION = YES;
				CLANG_WARN_COMMA = YES;
				CLANG_WARN_CONSTANT_CONVERSION = YES;
				CLANG_WARN_DEPRECATED_OBJC_IMPLEMENTATIONS = YES;
				CLANG_WARN_DIRECT_OBJC_ISA_USAGE = YES_ERROR;
				CLANG_WARN_DOCUMENTATION_COMMENTS = YES;
				CLANG_WARN_EMPTY_BODY = YES;
				CLANG_WARN_ENUM_CONVERSION = YES;
				CLANG_WARN_INFINITE_RECURSION = YES;
				CLANG_WARN_INT_CONVERSION = YES;
				CLANG_WARN_NON_LITERAL_NULL_CONVERSION = YES;
				CLANG_WARN_OBJC_IMPLICIT_RETAIN_SELF = YES;
				CLANG_WARN_OBJC_LITERAL_CONVERSION = YES;
				CLANG_WARN_OBJC_ROOT_CLASS = YES_ERROR;
				CLANG_WARN_QUOTED_INCLUDE_IN_FRAMEWORK_HEADER = YES;
				CLANG_WARN_RANGE_LOOP_ANALYSIS = YES;
				CLANG_WARN_STRICT_PROTOTYPES = YES;
				CLANG_WARN_SUSPICIOUS_MOVE = YES;
				CLANG_WARN_UNGUARDED_AVAILABILITY = YES_AGGRESSIVE;
				CLANG_WARN_UNREACHABLE_CODE = YES;
				CLANG_WARN__DUPLICATE_METHOD_MATCH = YES;
				COPY_PHASE_STRIP = NO;
				DEBUG_INFORMATION_FORMAT = dwarf;
				ENABLE_STRICT_OBJC_MSGSEND = YES;
				ENABLE_TESTABILITY = YES;
				GCC_C_LANGUAGE_STANDARD = gnu11;
				GCC_DYNAMIC_NO_PIC = NO;
				GCC_NO_COMMON_BLOCKS = YES;
				GCC_OPTIMIZATION_LEVEL = 0;
				GCC_PREPROCESSOR_DEFINITIONS = (
					"DEBUG=1",
					"$(inherited)",
				);
				GCC_WARN_64_TO_32_BIT_CONVERSION = YES;
				GCC_WARN_ABOUT_RETURN_TYPE = YES_ERROR;
				GCC_WARN_UNDECLARED_SELECTOR = YES;
				GCC_WARN_UNINITIALIZED_AUTOS = YES_AGGRESSIVE;
				GCC_WARN_UNUSED_FUNCTION = YES;
				GCC_WARN_UNUSED_VARIABLE = YES;
				IPHONEOS_DEPLOYMENT_TARGET = 15.2;
				MTL_ENABLE_DEBUG_INFO = INCLUDE_SOURCE;
				MTL_FAST_MATH = YES;
				ONLY_ACTIVE_ARCH = YES;
				SDKROOT = iphoneos;
				SWIFT_ACTIVE_COMPILATION_CONDITIONS = DEBUG;
				SWIFT_OPTIMIZATION_LEVEL = "-Onone";
			};
			name = Debug;
		};
		46C6680527DA8EE8004278D8 /* Release */ = {
			isa = XCBuildConfiguration;
			buildSettings = {
				ALWAYS_SEARCH_USER_PATHS = NO;
				CLANG_ANALYZER_NONNULL = YES;
				CLANG_ANALYZER_NUMBER_OBJECT_CONVERSION = YES_AGGRESSIVE;
				CLANG_CXX_LANGUAGE_STANDARD = "gnu++17";
				CLANG_CXX_LIBRARY = "libc++";
				CLANG_ENABLE_MODULES = YES;
				CLANG_ENABLE_OBJC_ARC = YES;
				CLANG_ENABLE_OBJC_WEAK = YES;
				CLANG_WARN_BLOCK_CAPTURE_AUTORELEASING = YES;
				CLANG_WARN_BOOL_CONVERSION = YES;
				CLANG_WARN_COMMA = YES;
				CLANG_WARN_CONSTANT_CONVERSION = YES;
				CLANG_WARN_DEPRECATED_OBJC_IMPLEMENTATIONS = YES;
				CLANG_WARN_DIRECT_OBJC_ISA_USAGE = YES_ERROR;
				CLANG_WARN_DOCUMENTATION_COMMENTS = YES;
				CLANG_WARN_EMPTY_BODY = YES;
				CLANG_WARN_ENUM_CONVERSION = YES;
				CLANG_WARN_INFINITE_RECURSION = YES;
				CLANG_WARN_INT_CONVERSION = YES;
				CLANG_WARN_NON_LITERAL_NULL_CONVERSION = YES;
				CLANG_WARN_OBJC_IMPLICIT_RETAIN_SELF = YES;
				CLANG_WARN_OBJC_LITERAL_CONVERSION = YES;
				CLANG_WARN_OBJC_ROOT_CLASS = YES_ERROR;
				CLANG_WARN_QUOTED_INCLUDE_IN_FRAMEWORK_HEADER = YES;
				CLANG_WARN_RANGE_LOOP_ANALYSIS = YES;
				CLANG_WARN_STRICT_PROTOTYPES = YES;
				CLANG_WARN_SUSPICIOUS_MOVE = YES;
				CLANG_WARN_UNGUARDED_AVAILABILITY = YES_AGGRESSIVE;
				CLANG_WARN_UNREACHABLE_CODE = YES;
				CLANG_WARN__DUPLICATE_METHOD_MATCH = YES;
				COPY_PHASE_STRIP = NO;
				DEBUG_INFORMATION_FORMAT = "dwarf-with-dsym";
				ENABLE_NS_ASSERTIONS = NO;
				ENABLE_STRICT_OBJC_MSGSEND = YES;
				GCC_C_LANGUAGE_STANDARD = gnu11;
				GCC_NO_COMMON_BLOCKS = YES;
				GCC_WARN_64_TO_32_BIT_CONVERSION = YES;
				GCC_WARN_ABOUT_RETURN_TYPE = YES_ERROR;
				GCC_WARN_UNDECLARED_SELECTOR = YES;
				GCC_WARN_UNINITIALIZED_AUTOS = YES_AGGRESSIVE;
				GCC_WARN_UNUSED_FUNCTION = YES;
				GCC_WARN_UNUSED_VARIABLE = YES;
				IPHONEOS_DEPLOYMENT_TARGET = 15.2;
				MTL_ENABLE_DEBUG_INFO = NO;
				MTL_FAST_MATH = YES;
				SDKROOT = iphoneos;
				SWIFT_COMPILATION_MODE = wholemodule;
				SWIFT_OPTIMIZATION_LEVEL = "-O";
				VALIDATE_PRODUCT = YES;
			};
			name = Release;
		};
		46C6680727DA8EE8004278D8 /* Debug */ = {
			isa = XCBuildConfiguration;
			buildSettings = {
				ASSETCATALOG_COMPILER_APPICON_NAME = AppIcon;
				ASSETCATALOG_COMPILER_GLOBAL_ACCENT_COLOR_NAME = AccentColor;
				CODE_SIGN_STYLE = Automatic;
				CURRENT_PROJECT_VERSION = 1;
				GENERATE_INFOPLIST_FILE = YES;
				INFOPLIST_FILE = CoreData2.0/Info.plist;
				INFOPLIST_KEY_UIApplicationSupportsIndirectInputEvents = YES;
				INFOPLIST_KEY_UILaunchStoryboardName = LaunchScreen;
				INFOPLIST_KEY_UIMainStoryboardFile = Main;
				INFOPLIST_KEY_UISupportedInterfaceOrientations_iPad = "UIInterfaceOrientationPortrait UIInterfaceOrientationPortraitUpsideDown UIInterfaceOrientationLandscapeLeft UIInterfaceOrientationLandscapeRight";
				INFOPLIST_KEY_UISupportedInterfaceOrientations_iPhone = "UIInterfaceOrientationPortrait UIInterfaceOrientationLandscapeLeft UIInterfaceOrientationLandscapeRight";
				LD_RUNPATH_SEARCH_PATHS = (
					"$(inherited)",
					"@executable_path/Frameworks",
				);
				MARKETING_VERSION = 1.0;
				PRODUCT_BUNDLE_IDENTIFIER = "Curso-IOS.CoreData2-0";
				PRODUCT_NAME = "$(TARGET_NAME)";
				SWIFT_EMIT_LOC_STRINGS = YES;
				SWIFT_VERSION = 5.0;
				TARGETED_DEVICE_FAMILY = "1,2";
			};
			name = Debug;
		};
		46C6680827DA8EE8004278D8 /* Release */ = {
			isa = XCBuildConfiguration;
			buildSettings = {
				ASSETCATALOG_COMPILER_APPICON_NAME = AppIcon;
				ASSETCATALOG_COMPILER_GLOBAL_ACCENT_COLOR_NAME = AccentColor;
				CODE_SIGN_STYLE = Automatic;
				CURRENT_PROJECT_VERSION = 1;
				GENERATE_INFOPLIST_FILE = YES;
				INFOPLIST_FILE = CoreData2.0/Info.plist;
				INFOPLIST_KEY_UIApplicationSupportsIndirectInputEvents = YES;
				INFOPLIST_KEY_UILaunchStoryboardName = LaunchScreen;
				INFOPLIST_KEY_UIMainStoryboardFile = Main;
				INFOPLIST_KEY_UISupportedInterfaceOrientations_iPad = "UIInterfaceOrientationPortrait UIInterfaceOrientationPortraitUpsideDown UIInterfaceOrientationLandscapeLeft UIInterfaceOrientationLandscapeRight";
				INFOPLIST_KEY_UISupportedInterfaceOrientations_iPhone = "UIInterfaceOrientationPortrait UIInterfaceOrientationLandscapeLeft UIInterfaceOrientationLandscapeRight";
				LD_RUNPATH_SEARCH_PATHS = (
					"$(inherited)",
					"@executable_path/Frameworks",
				);
				MARKETING_VERSION = 1.0;
				PRODUCT_BUNDLE_IDENTIFIER = "Curso-IOS.CoreData2-0";
				PRODUCT_NAME = "$(TARGET_NAME)";
				SWIFT_EMIT_LOC_STRINGS = YES;
				SWIFT_VERSION = 5.0;
				TARGETED_DEVICE_FAMILY = "1,2";
			};
			name = Release;
		};
/* End XCBuildConfiguration section */

/* Begin XCConfigurationList section */
		46C667EA27DA8EE6004278D8 /* Build configuration list for PBXProject "CoreData2.0" */ = {
			isa = XCConfigurationList;
			buildConfigurations = (
				46C6680427DA8EE8004278D8 /* Debug */,
				46C6680527DA8EE8004278D8 /* Release */,
			);
			defaultConfigurationIsVisible = 0;
			defaultConfigurationName = Release;
		};
		46C6680627DA8EE8004278D8 /* Build configuration list for PBXNativeTarget "CoreData2.0" */ = {
			isa = XCConfigurationList;
			buildConfigurations = (
				46C6680727DA8EE8004278D8 /* Debug */,
				46C6680827DA8EE8004278D8 /* Release */,
			);
			defaultConfigurationIsVisible = 0;
			defaultConfigurationName = Release;
		};
/* End XCConfigurationList section */

/* Begin XCVersionGroup section */
		46C667FB27DA8EE6004278D8 /* CoreData2_0.xcdatamodeld */ = {
			isa = XCVersionGroup;
			children = (
				46C667FC27DA8EE6004278D8 /* CoreData2_0.xcdatamodel */,
			);
			currentVersion = 46C667FC27DA8EE6004278D8 /* CoreData2_0.xcdatamodel */;
			path = CoreData2_0.xcdatamodeld;
			sourceTree = "<group>";
			versionGroupType = wrapper.xcdatamodel;
		};
/* End XCVersionGroup section */
	};
	rootObject = 46C667E727DA8EE6004278D8 /* Project object */;
}
