// !$*UTF8*$!
{
	archiveVersion = 1;
	classes = {
	};
	objectVersion = 55;
	objects = {

/* Begin PBXBuildFile section */
		46BB0F1327E0F71A002B1D7A /* AppDelegate.swift in Sources */ = {isa = PBXBuildFile; fileRef = 46BB0F1227E0F71A002B1D7A /* AppDelegate.swift */; };
		46BB0F1527E0F71A002B1D7A /* SceneDelegate.swift in Sources */ = {isa = PBXBuildFile; fileRef = 46BB0F1427E0F71A002B1D7A /* SceneDelegate.swift */; };
		46BB0F1727E0F71A002B1D7A /* ViewController.swift in Sources */ = {isa = PBXBuildFile; fileRef = 46BB0F1627E0F71A002B1D7A /* ViewController.swift */; };
		46BB0F1A27E0F71A002B1D7A /* Main.storyboard in Resources */ = {isa = PBXBuildFile; fileRef = 46BB0F1827E0F71A002B1D7A /* Main.storyboard */; };
		46BB0F1D27E0F71A002B1D7A /* Daily_Notes.xcdatamodeld in Sources */ = {isa = PBXBuildFile; fileRef = 46BB0F1B27E0F71A002B1D7A /* Daily_Notes.xcdatamodeld */; };
		46BB0F1F27E0F71D002B1D7A /* Assets.xcassets in Resources */ = {isa = PBXBuildFile; fileRef = 46BB0F1E27E0F71D002B1D7A /* Assets.xcassets */; };
		46BB0F2227E0F71D002B1D7A /* LaunchScreen.storyboard in Resources */ = {isa = PBXBuildFile; fileRef = 46BB0F2027E0F71D002B1D7A /* LaunchScreen.storyboard */; };
		46BB0F2C27E103D6002B1D7A /* NoteListTableViewController.swift in Sources */ = {isa = PBXBuildFile; fileRef = 46BB0F2B27E103D6002B1D7A /* NoteListTableViewController.swift */; };
		46BB0F2E27E1044F002B1D7A /* NoteViewController.swift in Sources */ = {isa = PBXBuildFile; fileRef = 46BB0F2D27E1044F002B1D7A /* NoteViewController.swift */; };
/* End PBXBuildFile section */

/* Begin PBXFileReference section */
		46BB0F0F27E0F71A002B1D7A /* Daily Notes.app */ = {isa = PBXFileReference; explicitFileType = wrapper.application; includeInIndex = 0; path = "Daily Notes.app"; sourceTree = BUILT_PRODUCTS_DIR; };
		46BB0F1227E0F71A002B1D7A /* AppDelegate.swift */ = {isa = PBXFileReference; lastKnownFileType = sourcecode.swift; path = AppDelegate.swift; sourceTree = "<group>"; };
		46BB0F1427E0F71A002B1D7A /* SceneDelegate.swift */ = {isa = PBXFileReference; lastKnownFileType = sourcecode.swift; path = SceneDelegate.swift; sourceTree = "<group>"; };
		46BB0F1627E0F71A002B1D7A /* ViewController.swift */ = {isa = PBXFileReference; lastKnownFileType = sourcecode.swift; path = ViewController.swift; sourceTree = "<group>"; };
		46BB0F1927E0F71A002B1D7A /* Base */ = {isa = PBXFileReference; lastKnownFileType = file.storyboard; name = Base; path = Base.lproj/Main.storyboard; sourceTree = "<group>"; };
		46BB0F1C27E0F71A002B1D7A /* Daily_Notes.xcdatamodel */ = {isa = PBXFileReference; lastKnownFileType = wrapper.xcdatamodel; path = Daily_Notes.xcdatamodel; sourceTree = "<group>"; };
		46BB0F1E27E0F71D002B1D7A /* Assets.xcassets */ = {isa = PBXFileReference; lastKnownFileType = folder.assetcatalog; path = Assets.xcassets; sourceTree = "<group>"; };
		46BB0F2127E0F71D002B1D7A /* Base */ = {isa = PBXFileReference; lastKnownFileType = file.storyboard; name = Base; path = Base.lproj/LaunchScreen.storyboard; sourceTree = "<group>"; };
		46BB0F2327E0F71D002B1D7A /* Info.plist */ = {isa = PBXFileReference; lastKnownFileType = text.plist.xml; path = Info.plist; sourceTree = "<group>"; };
		46BB0F2B27E103D6002B1D7A /* NoteListTableViewController.swift */ = {isa = PBXFileReference; lastKnownFileType = sourcecode.swift; path = NoteListTableViewController.swift; sourceTree = "<group>"; };
		46BB0F2D27E1044F002B1D7A /* NoteViewController.swift */ = {isa = PBXFileReference; lastKnownFileType = sourcecode.swift; path = NoteViewController.swift; sourceTree = "<group>"; };
/* End PBXFileReference section */

/* Begin PBXFrameworksBuildPhase section */
		46BB0F0C27E0F71A002B1D7A /* Frameworks */ = {
			isa = PBXFrameworksBuildPhase;
			buildActionMask = 2147483647;
			files = (
			);
			runOnlyForDeploymentPostprocessing = 0;
		};
/* End PBXFrameworksBuildPhase section */

/* Begin PBXGroup section */
		46BB0F0627E0F71A002B1D7A = {
			isa = PBXGroup;
			children = (
				46BB0F1127E0F71A002B1D7A /* Daily Notes */,
				46BB0F1027E0F71A002B1D7A /* Products */,
			);
			sourceTree = "<group>";
		};
		46BB0F1027E0F71A002B1D7A /* Products */ = {
			isa = PBXGroup;
			children = (
				46BB0F0F27E0F71A002B1D7A /* Daily Notes.app */,
			);
			name = Products;
			sourceTree = "<group>";
		};
		46BB0F1127E0F71A002B1D7A /* Daily Notes */ = {
			isa = PBXGroup;
			children = (
				46BB0F1227E0F71A002B1D7A /* AppDelegate.swift */,
				46BB0F1427E0F71A002B1D7A /* SceneDelegate.swift */,
				46BB0F1627E0F71A002B1D7A /* ViewController.swift */,
				46BB0F2B27E103D6002B1D7A /* NoteListTableViewController.swift */,
				46BB0F2D27E1044F002B1D7A /* NoteViewController.swift */,
				46BB0F1827E0F71A002B1D7A /* Main.storyboard */,
				46BB0F1E27E0F71D002B1D7A /* Assets.xcassets */,
				46BB0F2027E0F71D002B1D7A /* LaunchScreen.storyboard */,
				46BB0F2327E0F71D002B1D7A /* Info.plist */,
				46BB0F1B27E0F71A002B1D7A /* Daily_Notes.xcdatamodeld */,
			);
			path = "Daily Notes";
			sourceTree = "<group>";
		};
/* End PBXGroup section */

/* Begin PBXNativeTarget section */
		46BB0F0E27E0F71A002B1D7A /* Daily Notes */ = {
			isa = PBXNativeTarget;
			buildConfigurationList = 46BB0F2627E0F71D002B1D7A /* Build configuration list for PBXNativeTarget "Daily Notes" */;
			buildPhases = (
				46BB0F0B27E0F71A002B1D7A /* Sources */,
				46BB0F0C27E0F71A002B1D7A /* Frameworks */,
				46BB0F0D27E0F71A002B1D7A /* Resources */,
			);
			buildRules = (
			);
			dependencies = (
			);
			name = "Daily Notes";
			productName = "Daily Notes";
			productReference = 46BB0F0F27E0F71A002B1D7A /* Daily Notes.app */;
			productType = "com.apple.product-type.application";
		};
/* End PBXNativeTarget section */

/* Begin PBXProject section */
		46BB0F0727E0F71A002B1D7A /* Project object */ = {
			isa = PBXProject;
			attributes = {
				BuildIndependentTargetsInParallel = 1;
				LastSwiftUpdateCheck = 1320;
				LastUpgradeCheck = 1320;
				TargetAttributes = {
					46BB0F0E27E0F71A002B1D7A = {
						CreatedOnToolsVersion = 13.2.1;
					};
				};
			};
			buildConfigurationList = 46BB0F0A27E0F71A002B1D7A /* Build configuration list for PBXProject "Daily Notes" */;
			compatibilityVersion = "Xcode 13.0";
			developmentRegion = en;
			hasScannedForEncodings = 0;
			knownRegions = (
				en,
				Base,
			);
			mainGroup = 46BB0F0627E0F71A002B1D7A;
			productRefGroup = 46BB0F1027E0F71A002B1D7A /* Products */;
			projectDirPath = "";
			projectRoot = "";
			targets = (
				46BB0F0E27E0F71A002B1D7A /* Daily Notes */,
			);
		};
/* End PBXProject section */

/* Begin PBXResourcesBuildPhase section */
		46BB0F0D27E0F71A002B1D7A /* Resources */ = {
			isa = PBXResourcesBuildPhase;
			buildActionMask = 2147483647;
			files = (
				46BB0F2227E0F71D002B1D7A /* LaunchScreen.storyboard in Resources */,
				46BB0F1F27E0F71D002B1D7A /* Assets.xcassets in Resources */,
				46BB0F1A27E0F71A002B1D7A /* Main.storyboard in Resources */,
			);
			runOnlyForDeploymentPostprocessing = 0;
		};
/* End PBXResourcesBuildPhase section */

/* Begin PBXSourcesBuildPhase section */
		46BB0F0B27E0F71A002B1D7A /* Sources */ = {
			isa = PBXSourcesBuildPhase;
			buildActionMask = 2147483647;
			files = (
				46BB0F1727E0F71A002B1D7A /* ViewController.swift in Sources */,
				46BB0F1327E0F71A002B1D7A /* AppDelegate.swift in Sources */,
				46BB0F1527E0F71A002B1D7A /* SceneDelegate.swift in Sources */,
				46BB0F2C27E103D6002B1D7A /* NoteListTableViewController.swift in Sources */,
				46BB0F2E27E1044F002B1D7A /* NoteViewController.swift in Sources */,
				46BB0F1D27E0F71A002B1D7A /* Daily_Notes.xcdatamodeld in Sources */,
			);
			runOnlyForDeploymentPostprocessing = 0;
		};
/* End PBXSourcesBuildPhase section */

/* Begin PBXVariantGroup section */
		46BB0F1827E0F71A002B1D7A /* Main.storyboard */ = {
			isa = PBXVariantGroup;
			children = (
				46BB0F1927E0F71A002B1D7A /* Base */,
			);
			name = Main.storyboard;
			sourceTree = "<group>";
		};
		46BB0F2027E0F71D002B1D7A /* LaunchScreen.storyboard */ = {
			isa = PBXVariantGroup;
			children = (
				46BB0F2127E0F71D002B1D7A /* Base */,
			);
			name = LaunchScreen.storyboard;
			sourceTree = "<group>";
		};
/* End PBXVariantGroup section */

/* Begin XCBuildConfiguration section */
		46BB0F2427E0F71D002B1D7A /* Debug */ = {
			isa = XCBuildConfiguration;
			buildSettings = {
				ALWAYS_SEARCH_USER_PATHS = NO;
				CLANG_ANALYZER_NONNULL = YES;
				CLANG_ANALYZER_NUMBER_OBJECT_CONVERSION = YES_AGGRESSIVE;
				CLANG_CXX_LANGUAGE_STANDARD = "gnu++17";
				CLANG_CXX_LIBRARY = "libc++";
				CLANG_ENABLE_MODULES = YES;
				CLANG_ENABLE_OBJC_ARC = YES;
				CLANG_ENABLE_OBJC_WEAK = YES;
				CLANG_WARN_BLOCK_CAPTURE_AUTORELEASING = YES;
				CLANG_WARN_BOOL_CONVERSION = YES;
				CLANG_WARN_COMMA = YES;
				CLANG_WARN_CONSTANT_CONVERSION = YES;
				CLANG_WARN_DEPRECATED_OBJC_IMPLEMENTATIONS = YES;
				CLANG_WARN_DIRECT_OBJC_ISA_USAGE = YES_ERROR;
				CLANG_WARN_DOCUMENTATION_COMMENTS = YES;
				CLANG_WARN_EMPTY_BODY = YES;
				CLANG_WARN_ENUM_CONVERSION = YES;
				CLANG_WARN_INFINITE_RECURSION = YES;
				CLANG_WARN_INT_CONVERSION = YES;
				CLANG_WARN_NON_LITERAL_NULL_CONVERSION = YES;
				CLANG_WARN_OBJC_IMPLICIT_RETAIN_SELF = YES;
				CLANG_WARN_OBJC_LITERAL_CONVERSION = YES;
				CLANG_WARN_OBJC_ROOT_CLASS = YES_ERROR;
				CLANG_WARN_QUOTED_INCLUDE_IN_FRAMEWORK_HEADER = YES;
				CLANG_WARN_RANGE_LOOP_ANALYSIS = YES;
				CLANG_WARN_STRICT_PROTOTYPES = YES;
				CLANG_WARN_SUSPICIOUS_MOVE = YES;
				CLANG_WARN_UNGUARDED_AVAILABILITY = YES_AGGRESSIVE;
				CLANG_WARN_UNREACHABLE_CODE = YES;
				CLANG_WARN__DUPLICATE_METHOD_MATCH = YES;
				COPY_PHASE_STRIP = NO;
				DEBUG_INFORMATION_FORMAT = dwarf;
				ENABLE_STRICT_OBJC_MSGSEND = YES;
				ENABLE_TESTABILITY = YES;
				GCC_C_LANGUAGE_STANDARD = gnu11;
				GCC_DYNAMIC_NO_PIC = NO;
				GCC_NO_COMMON_BLOCKS = YES;
				GCC_OPTIMIZATION_LEVEL = 0;
				GCC_PREPROCESSOR_DEFINITIONS = (
					"DEBUG=1",
					"$(inherited)",
				);
				GCC_WARN_64_TO_32_BIT_CONVERSION = YES;
				GCC_WARN_ABOUT_RETURN_TYPE = YES_ERROR;
				GCC_WARN_UNDECLARED_SELECTOR = YES;
				GCC_WARN_UNINITIALIZED_AUTOS = YES_AGGRESSIVE;
				GCC_WARN_UNUSED_FUNCTION = YES;
				GCC_WARN_UNUSED_VARIABLE = YES;
				IPHONEOS_DEPLOYMENT_TARGET = 15.2;
				MTL_ENABLE_DEBUG_INFO = INCLUDE_SOURCE;
				MTL_FAST_MATH = YES;
				ONLY_ACTIVE_ARCH = YES;
				SDKROOT = iphoneos;
				SWIFT_ACTIVE_COMPILATION_CONDITIONS = DEBUG;
				SWIFT_OPTIMIZATION_LEVEL = "-Onone";
			};
			name = Debug;
		};
		46BB0F2527E0F71D002B1D7A /* Release */ = {
			isa = XCBuildConfiguration;
			buildSettings = {
				ALWAYS_SEARCH_USER_PATHS = NO;
				CLANG_ANALYZER_NONNULL = YES;
				CLANG_ANALYZER_NUMBER_OBJECT_CONVERSION = YES_AGGRESSIVE;
				CLANG_CXX_LANGUAGE_STANDARD = "gnu++17";
				CLANG_CXX_LIBRARY = "libc++";
				CLANG_ENABLE_MODULES = YES;
				CLANG_ENABLE_OBJC_ARC = YES;
				CLANG_ENABLE_OBJC_WEAK = YES;
				CLANG_WARN_BLOCK_CAPTURE_AUTORELEASING = YES;
				CLANG_WARN_BOOL_CONVERSION = YES;
				CLANG_WARN_COMMA = YES;
				CLANG_WARN_CONSTANT_CONVERSION = YES;
				CLANG_WARN_DEPRECATED_OBJC_IMPLEMENTATIONS = YES;
				CLANG_WARN_DIRECT_OBJC_ISA_USAGE = YES_ERROR;
				CLANG_WARN_DOCUMENTATION_COMMENTS = YES;
				CLANG_WARN_EMPTY_BODY = YES;
				CLANG_WARN_ENUM_CONVERSION = YES;
				CLANG_WARN_INFINITE_RECURSION = YES;
				CLANG_WARN_INT_CONVERSION = YES;
				CLANG_WARN_NON_LITERAL_NULL_CONVERSION = YES;
				CLANG_WARN_OBJC_IMPLICIT_RETAIN_SELF = YES;
				CLANG_WARN_OBJC_LITERAL_CONVERSION = YES;
				CLANG_WARN_OBJC_ROOT_CLASS = YES_ERROR;
				CLANG_WARN_QUOTED_INCLUDE_IN_FRAMEWORK_HEADER = YES;
				CLANG_WARN_RANGE_LOOP_ANALYSIS = YES;
				CLANG_WARN_STRICT_PROTOTYPES = YES;
				CLANG_WARN_SUSPICIOUS_MOVE = YES;
				CLANG_WARN_UNGUARDED_AVAILABILITY = YES_AGGRESSIVE;
				CLANG_WARN_UNREACHABLE_CODE = YES;
				CLANG_WARN__DUPLICATE_METHOD_MATCH = YES;
				COPY_PHASE_STRIP = NO;
				DEBUG_INFORMATION_FORMAT = "dwarf-with-dsym";
				ENABLE_NS_ASSERTIONS = NO;
				ENABLE_STRICT_OBJC_MSGSEND = YES;
				GCC_C_LANGUAGE_STANDARD = gnu11;
				GCC_NO_COMMON_BLOCKS = YES;
				GCC_WARN_64_TO_32_BIT_CONVERSION = YES;
				GCC_WARN_ABOUT_RETURN_TYPE = YES_ERROR;
				GCC_WARN_UNDECLARED_SELECTOR = YES;
				GCC_WARN_UNINITIALIZED_AUTOS = YES_AGGRESSIVE;
				GCC_WARN_UNUSED_FUNCTION = YES;
				GCC_WARN_UNUSED_VARIABLE = YES;
				IPHONEOS_DEPLOYMENT_TARGET = 15.2;
				MTL_ENABLE_DEBUG_INFO = NO;
				MTL_FAST_MATH = YES;
				SDKROOT = iphoneos;
				SWIFT_COMPILATION_MODE = wholemodule;
				SWIFT_OPTIMIZATION_LEVEL = "-O";
				VALIDATE_PRODUCT = YES;
			};
			name = Release;
		};
		46BB0F2727E0F71D002B1D7A /* Debug */ = {
			isa = XCBuildConfiguration;
			buildSettings = {
				ASSETCATALOG_COMPILER_APPICON_NAME = AppIcon;
				ASSETCATALOG_COMPILER_GLOBAL_ACCENT_COLOR_NAME = AccentColor;
				CODE_SIGN_STYLE = Automatic;
				CURRENT_PROJECT_VERSION = 1;
				GENERATE_INFOPLIST_FILE = YES;
				INFOPLIST_FILE = "Daily Notes/Info.plist";
				INFOPLIST_KEY_UIApplicationSupportsIndirectInputEvents = YES;
				INFOPLIST_KEY_UILaunchStoryboardName = LaunchScreen;
				INFOPLIST_KEY_UIMainStoryboardFile = Main;
				INFOPLIST_KEY_UISupportedInterfaceOrientations_iPad = "UIInterfaceOrientationPortrait UIInterfaceOrientationPortraitUpsideDown UIInterfaceOrientationLandscapeLeft UIInterfaceOrientationLandscapeRight";
				INFOPLIST_KEY_UISupportedInterfaceOrientations_iPhone = "UIInterfaceOrientationPortrait UIInterfaceOrientationLandscapeLeft UIInterfaceOrientationLandscapeRight";
				LD_RUNPATH_SEARCH_PATHS = (
					"$(inherited)",
					"@executable_path/Frameworks",
				);
				MARKETING_VERSION = 1.0;
				PRODUCT_BUNDLE_IDENTIFIER = "Curso-IOS.Daily-Notes";
				PRODUCT_NAME = "$(TARGET_NAME)";
				SWIFT_EMIT_LOC_STRINGS = YES;
				SWIFT_VERSION = 5.0;
				TARGETED_DEVICE_FAMILY = "1,2";
			};
			name = Debug;
		};
		46BB0F2827E0F71D002B1D7A /* Release */ = {
			isa = XCBuildConfiguration;
			buildSettings = {
				ASSETCATALOG_COMPILER_APPICON_NAME = AppIcon;
				ASSETCATALOG_COMPILER_GLOBAL_ACCENT_COLOR_NAME = AccentColor;
				CODE_SIGN_STYLE = Automatic;
				CURRENT_PROJECT_VERSION = 1;
				GENERATE_INFOPLIST_FILE = YES;
				INFOPLIST_FILE = "Daily Notes/Info.plist";
				INFOPLIST_KEY_UIApplicationSupportsIndirectInputEvents = YES;
				INFOPLIST_KEY_UILaunchStoryboardName = LaunchScreen;
				INFOPLIST_KEY_UIMainStoryboardFile = Main;
				INFOPLIST_KEY_UISupportedInterfaceOrientations_iPad = "UIInterfaceOrientationPortrait UIInterfaceOrientationPortraitUpsideDown UIInterfaceOrientationLandscapeLeft UIInterfaceOrientationLandscapeRight";
				INFOPLIST_KEY_UISupportedInterfaceOrientations_iPhone = "UIInterfaceOrientationPortrait UIInterfaceOrientationLandscapeLeft UIInterfaceOrientationLandscapeRight";
				LD_RUNPATH_SEARCH_PATHS = (
					"$(inherited)",
					"@executable_path/Frameworks",
				);
				MARKETING_VERSION = 1.0;
				PRODUCT_BUNDLE_IDENTIFIER = "Curso-IOS.Daily-Notes";
				PRODUCT_NAME = "$(TARGET_NAME)";
				SWIFT_EMIT_LOC_STRINGS = YES;
				SWIFT_VERSION = 5.0;
				TARGETED_DEVICE_FAMILY = "1,2";
			};
			name = Release;
		};
/* End XCBuildConfiguration section */

/* Begin XCConfigurationList section */
		46BB0F0A27E0F71A002B1D7A /* Build configuration list for PBXProject "Daily Notes" */ = {
			isa = XCConfigurationList;
			buildConfigurations = (
				46BB0F2427E0F71D002B1D7A /* Debug */,
				46BB0F2527E0F71D002B1D7A /* Release */,
			);
			defaultConfigurationIsVisible = 0;
			defaultConfigurationName = Release;
		};
		46BB0F2627E0F71D002B1D7A /* Build configuration list for PBXNativeTarget "Daily Notes" */ = {
			isa = XCConfigurationList;
			buildConfigurations = (
				46BB0F2727E0F71D002B1D7A /* Debug */,
				46BB0F2827E0F71D002B1D7A /* Release */,
			);
			defaultConfigurationIsVisible = 0;
			defaultConfigurationName = Release;
		};
/* End XCConfigurationList section */

/* Begin XCVersionGroup section */
		46BB0F1B27E0F71A002B1D7A /* Daily_Notes.xcdatamodeld */ = {
			isa = XCVersionGroup;
			children = (
				46BB0F1C27E0F71A002B1D7A /* Daily_Notes.xcdatamodel */,
			);
			currentVersion = 46BB0F1C27E0F71A002B1D7A /* Daily_Notes.xcdatamodel */;
			path = Daily_Notes.xcdatamodeld;
			sourceTree = "<group>";
			versionGroupType = wrapper.xcdatamodel;
		};
/* End XCVersionGroup section */
	};
	rootObject = 46BB0F0727E0F71A002B1D7A /* Project object */;
}
