// !$*UTF8*$!
{
	archiveVersion = 1;
	classes = {
	};
	objectVersion = 55;
	objects = {

/* Begin PBXBuildFile section */
		46DBDF6127EB899F008679B4 /* AppDelegate.swift in Sources */ = {isa = PBXBuildFile; fileRef = 46DBDF6027EB899F008679B4 /* AppDelegate.swift */; };
		46DBDF6327EB899F008679B4 /* SceneDelegate.swift in Sources */ = {isa = PBXBuildFile; fileRef = 46DBDF6227EB899F008679B4 /* SceneDelegate.swift */; };
		46DBDF6527EB899F008679B4 /* ViewController.swift in Sources */ = {isa = PBXBuildFile; fileRef = 46DBDF6427EB899F008679B4 /* ViewController.swift */; };
		46DBDF6827EB899F008679B4 /* Main.storyboard in Resources */ = {isa = PBXBuildFile; fileRef = 46DBDF6627EB899F008679B4 /* Main.storyboard */; };
		46DBDF6A27EB89A3008679B4 /* Assets.xcassets in Resources */ = {isa = PBXBuildFile; fileRef = 46DBDF6927EB89A3008679B4 /* Assets.xcassets */; };
		46DBDF6D27EB89A3008679B4 /* LaunchScreen.storyboard in Resources */ = {isa = PBXBuildFile; fileRef = 46DBDF6B27EB89A3008679B4 /* LaunchScreen.storyboard */; };
		46DBDF7527EB8B0E008679B4 /* GoogleService-Info.plist in Resources */ = {isa = PBXBuildFile; fileRef = 46DBDF7427EB8B0E008679B4 /* GoogleService-Info.plist */; };
		BCC8BFD0493058AC16AA908B /* Pods_FirebaseConfig.framework in Frameworks */ = {isa = PBXBuildFile; fileRef = 1FA4D2DA999BF4BDDACCC425 /* Pods_FirebaseConfig.framework */; };
/* End PBXBuildFile section */

/* Begin PBXFileReference section */
		0E270FC4FAEB92038B357464 /* Pods-FirebaseConfig.debug.xcconfig */ = {isa = PBXFileReference; includeInIndex = 1; lastKnownFileType = text.xcconfig; name = "Pods-FirebaseConfig.debug.xcconfig"; path = "Target Support Files/Pods-FirebaseConfig/Pods-FirebaseConfig.debug.xcconfig"; sourceTree = "<group>"; };
		1FA4D2DA999BF4BDDACCC425 /* Pods_FirebaseConfig.framework */ = {isa = PBXFileReference; explicitFileType = wrapper.framework; includeInIndex = 0; path = Pods_FirebaseConfig.framework; sourceTree = BUILT_PRODUCTS_DIR; };
		3D8A5EAC585C3AF6EF9919E9 /* Pods-FirebaseConfig.release.xcconfig */ = {isa = PBXFileReference; includeInIndex = 1; lastKnownFileType = text.xcconfig; name = "Pods-FirebaseConfig.release.xcconfig"; path = "Target Support Files/Pods-FirebaseConfig/Pods-FirebaseConfig.release.xcconfig"; sourceTree = "<group>"; };
		46DBDF5D27EB899F008679B4 /* FirebaseConfig.app */ = {isa = PBXFileReference; explicitFileType = wrapper.application; includeInIndex = 0; path = FirebaseConfig.app; sourceTree = BUILT_PRODUCTS_DIR; };
		46DBDF6027EB899F008679B4 /* AppDelegate.swift */ = {isa = PBXFileReference; lastKnownFileType = sourcecode.swift; path = AppDelegate.swift; sourceTree = "<group>"; };
		46DBDF6227EB899F008679B4 /* SceneDelegate.swift */ = {isa = PBXFileReference; lastKnownFileType = sourcecode.swift; path = SceneDelegate.swift; sourceTree = "<group>"; };
		46DBDF6427EB899F008679B4 /* ViewController.swift */ = {isa = PBXFileReference; lastKnownFileType = sourcecode.swift; path = ViewController.swift; sourceTree = "<group>"; };
		46DBDF6727EB899F008679B4 /* Base */ = {isa = PBXFileReference; lastKnownFileType = file.storyboard; name = Base; path = Base.lproj/Main.storyboard; sourceTree = "<group>"; };
		46DBDF6927EB89A3008679B4 /* Assets.xcassets */ = {isa = PBXFileReference; lastKnownFileType = folder.assetcatalog; path = Assets.xcassets; sourceTree = "<group>"; };
		46DBDF6C27EB89A3008679B4 /* Base */ = {isa = PBXFileReference; lastKnownFileType = file.storyboard; name = Base; path = Base.lproj/LaunchScreen.storyboard; sourceTree = "<group>"; };
		46DBDF6E27EB89A3008679B4 /* Info.plist */ = {isa = PBXFileReference; lastKnownFileType = text.plist.xml; path = Info.plist; sourceTree = "<group>"; };
		46DBDF7427EB8B0E008679B4 /* GoogleService-Info.plist */ = {isa = PBXFileReference; fileEncoding = 4; lastKnownFileType = text.plist.xml; path = "GoogleService-Info.plist"; sourceTree = "<group>"; };
		46DBDF7627EBAFEF008679B4 /* FirebaseConfigDebug.entitlements */ = {isa = PBXFileReference; lastKnownFileType = text.plist.entitlements; path = FirebaseConfigDebug.entitlements; sourceTree = "<group>"; };
/* End PBXFileReference section */

/* Begin PBXFrameworksBuildPhase section */
		46DBDF5A27EB899F008679B4 /* Frameworks */ = {
			isa = PBXFrameworksBuildPhase;
			buildActionMask = 2147483647;
			files = (
				BCC8BFD0493058AC16AA908B /* Pods_FirebaseConfig.framework in Frameworks */,
			);
			runOnlyForDeploymentPostprocessing = 0;
		};
/* End PBXFrameworksBuildPhase section */

/* Begin PBXGroup section */
		21BACA42341C282021FBF54F /* Frameworks */ = {
			isa = PBXGroup;
			children = (
				1FA4D2DA999BF4BDDACCC425 /* Pods_FirebaseConfig.framework */,
			);
			name = Frameworks;
			sourceTree = "<group>";
		};
		46DBDF5427EB899F008679B4 = {
			isa = PBXGroup;
			children = (
				46DBDF5F27EB899F008679B4 /* FirebaseConfig */,
				46DBDF5E27EB899F008679B4 /* Products */,
				E360B1C1B602CFD75C517B06 /* Pods */,
				21BACA42341C282021FBF54F /* Frameworks */,
			);
			sourceTree = "<group>";
		};
		46DBDF5E27EB899F008679B4 /* Products */ = {
			isa = PBXGroup;
			children = (
				46DBDF5D27EB899F008679B4 /* FirebaseConfig.app */,
			);
			name = Products;
			sourceTree = "<group>";
		};
		46DBDF5F27EB899F008679B4 /* FirebaseConfig */ = {
			isa = PBXGroup;
			children = (
				46DBDF7627EBAFEF008679B4 /* FirebaseConfigDebug.entitlements */,
				46DBDF6027EB899F008679B4 /* AppDelegate.swift */,
				46DBDF6227EB899F008679B4 /* SceneDelegate.swift */,
				46DBDF6427EB899F008679B4 /* ViewController.swift */,
				46DBDF6627EB899F008679B4 /* Main.storyboard */,
				46DBDF6927EB89A3008679B4 /* Assets.xcassets */,
				46DBDF6B27EB89A3008679B4 /* LaunchScreen.storyboard */,
				46DBDF6E27EB89A3008679B4 /* Info.plist */,
				46DBDF7427EB8B0E008679B4 /* GoogleService-Info.plist */,
			);
			path = FirebaseConfig;
			sourceTree = "<group>";
		};
		E360B1C1B602CFD75C517B06 /* Pods */ = {
			isa = PBXGroup;
			children = (
				0E270FC4FAEB92038B357464 /* Pods-FirebaseConfig.debug.xcconfig */,
				3D8A5EAC585C3AF6EF9919E9 /* Pods-FirebaseConfig.release.xcconfig */,
			);
			path = Pods;
			sourceTree = "<group>";
		};
/* End PBXGroup section */

/* Begin PBXNativeTarget section */
		46DBDF5C27EB899F008679B4 /* FirebaseConfig */ = {
			isa = PBXNativeTarget;
			buildConfigurationList = 46DBDF7127EB89A3008679B4 /* Build configuration list for PBXNativeTarget "FirebaseConfig" */;
			buildPhases = (
				16B4B6D1792F1CA8DC94A1E7 /* [CP] Check Pods Manifest.lock */,
				46DBDF5927EB899F008679B4 /* Sources */,
				46DBDF5A27EB899F008679B4 /* Frameworks */,
				46DBDF5B27EB899F008679B4 /* Resources */,
				6F78951E5417F380AED6D0AF /* [CP] Embed Pods Frameworks */,
			);
			buildRules = (
			);
			dependencies = (
			);
			name = FirebaseConfig;
			productName = FirebaseConfig;
			productReference = 46DBDF5D27EB899F008679B4 /* FirebaseConfig.app */;
			productType = "com.apple.product-type.application";
		};
/* End PBXNativeTarget section */

/* Begin PBXProject section */
		46DBDF5527EB899F008679B4 /* Project object */ = {
			isa = PBXProject;
			attributes = {
				BuildIndependentTargetsInParallel = 1;
				LastSwiftUpdateCheck = 1320;
				LastUpgradeCheck = 1320;
				TargetAttributes = {
					46DBDF5C27EB899F008679B4 = {
						CreatedOnToolsVersion = 13.2.1;
					};
				};
			};
			buildConfigurationList = 46DBDF5827EB899F008679B4 /* Build configuration list for PBXProject "FirebaseConfig" */;
			compatibilityVersion = "Xcode 13.0";
			developmentRegion = en;
			hasScannedForEncodings = 0;
			knownRegions = (
				en,
				Base,
			);
			mainGroup = 46DBDF5427EB899F008679B4;
			productRefGroup = 46DBDF5E27EB899F008679B4 /* Products */;
			projectDirPath = "";
			projectRoot = "";
			targets = (
				46DBDF5C27EB899F008679B4 /* FirebaseConfig */,
			);
		};
/* End PBXProject section */

/* Begin PBXResourcesBuildPhase section */
		46DBDF5B27EB899F008679B4 /* Resources */ = {
			isa = PBXResourcesBuildPhase;
			buildActionMask = 2147483647;
			files = (
				46DBDF6D27EB89A3008679B4 /* LaunchScreen.storyboard in Resources */,
				46DBDF7527EB8B0E008679B4 /* GoogleService-Info.plist in Resources */,
				46DBDF6A27EB89A3008679B4 /* Assets.xcassets in Resources */,
				46DBDF6827EB899F008679B4 /* Main.storyboard in Resources */,
			);
			runOnlyForDeploymentPostprocessing = 0;
		};
/* End PBXResourcesBuildPhase section */

/* Begin PBXShellScriptBuildPhase section */
		16B4B6D1792F1CA8DC94A1E7 /* [CP] Check Pods Manifest.lock */ = {
			isa = PBXShellScriptBuildPhase;
			buildActionMask = 2147483647;
			files = (
			);
			inputFileListPaths = (
			);
			inputPaths = (
				"${PODS_PODFILE_DIR_PATH}/Podfile.lock",
				"${PODS_ROOT}/Manifest.lock",
			);
			name = "[CP] Check Pods Manifest.lock";
			outputFileListPaths = (
			);
			outputPaths = (
				"$(DERIVED_FILE_DIR)/Pods-FirebaseConfig-checkManifestLockResult.txt",
			);
			runOnlyForDeploymentPostprocessing = 0;
			shellPath = /bin/sh;
			shellScript = "diff \"${PODS_PODFILE_DIR_PATH}/Podfile.lock\" \"${PODS_ROOT}/Manifest.lock\" > /dev/null\nif [ $? != 0 ] ; then\n    # print error to STDERR\n    echo \"error: The sandbox is not in sync with the Podfile.lock. Run 'pod install' or update your CocoaPods installation.\" >&2\n    exit 1\nfi\n# This output is used by Xcode 'outputs' to avoid re-running this script phase.\necho \"SUCCESS\" > \"${SCRIPT_OUTPUT_FILE_0}\"\n";
			showEnvVarsInLog = 0;
		};
		6F78951E5417F380AED6D0AF /* [CP] Embed Pods Frameworks */ = {
			isa = PBXShellScriptBuildPhase;
			buildActionMask = 2147483647;
			files = (
			);
			inputFileListPaths = (
				"${PODS_ROOT}/Target Support Files/Pods-FirebaseConfig/Pods-FirebaseConfig-frameworks-${CONFIGURATION}-input-files.xcfilelist",
			);
			name = "[CP] Embed Pods Frameworks";
			outputFileListPaths = (
				"${PODS_ROOT}/Target Support Files/Pods-FirebaseConfig/Pods-FirebaseConfig-frameworks-${CONFIGURATION}-output-files.xcfilelist",
			);
			runOnlyForDeploymentPostprocessing = 0;
			shellPath = /bin/sh;
			shellScript = "\"${PODS_ROOT}/Target Support Files/Pods-FirebaseConfig/Pods-FirebaseConfig-frameworks.sh\"\n";
			showEnvVarsInLog = 0;
		};
/* End PBXShellScriptBuildPhase section */

/* Begin PBXSourcesBuildPhase section */
		46DBDF5927EB899F008679B4 /* Sources */ = {
			isa = PBXSourcesBuildPhase;
			buildActionMask = 2147483647;
			files = (
				46DBDF6527EB899F008679B4 /* ViewController.swift in Sources */,
				46DBDF6127EB899F008679B4 /* AppDelegate.swift in Sources */,
				46DBDF6327EB899F008679B4 /* SceneDelegate.swift in Sources */,
			);
			runOnlyForDeploymentPostprocessing = 0;
		};
/* End PBXSourcesBuildPhase section */

/* Begin PBXVariantGroup section */
		46DBDF6627EB899F008679B4 /* Main.storyboard */ = {
			isa = PBXVariantGroup;
			children = (
				46DBDF6727EB899F008679B4 /* Base */,
			);
			name = Main.storyboard;
			sourceTree = "<group>";
		};
		46DBDF6B27EB89A3008679B4 /* LaunchScreen.storyboard */ = {
			isa = PBXVariantGroup;
			children = (
				46DBDF6C27EB89A3008679B4 /* Base */,
			);
			name = LaunchScreen.storyboard;
			sourceTree = "<group>";
		};
/* End PBXVariantGroup section */

/* Begin XCBuildConfiguration section */
		46DBDF6F27EB89A3008679B4 /* Debug */ = {
			isa = XCBuildConfiguration;
			buildSettings = {
				ALWAYS_SEARCH_USER_PATHS = NO;
				CLANG_ANALYZER_NONNULL = YES;
				CLANG_ANALYZER_NUMBER_OBJECT_CONVERSION = YES_AGGRESSIVE;
				CLANG_CXX_LANGUAGE_STANDARD = "gnu++17";
				CLANG_CXX_LIBRARY = "libc++";
				CLANG_ENABLE_MODULES = YES;
				CLANG_ENABLE_OBJC_ARC = YES;
				CLANG_ENABLE_OBJC_WEAK = YES;
				CLANG_WARN_BLOCK_CAPTURE_AUTORELEASING = YES;
				CLANG_WARN_BOOL_CONVERSION = YES;
				CLANG_WARN_COMMA = YES;
				CLANG_WARN_CONSTANT_CONVERSION = YES;
				CLANG_WARN_DEPRECATED_OBJC_IMPLEMENTATIONS = YES;
				CLANG_WARN_DIRECT_OBJC_ISA_USAGE = YES_ERROR;
				CLANG_WARN_DOCUMENTATION_COMMENTS = YES;
				CLANG_WARN_EMPTY_BODY = YES;
				CLANG_WARN_ENUM_CONVERSION = YES;
				CLANG_WARN_INFINITE_RECURSION = YES;
				CLANG_WARN_INT_CONVERSION = YES;
				CLANG_WARN_NON_LITERAL_NULL_CONVERSION = YES;
				CLANG_WARN_OBJC_IMPLICIT_RETAIN_SELF = YES;
				CLANG_WARN_OBJC_LITERAL_CONVERSION = YES;
				CLANG_WARN_OBJC_ROOT_CLASS = YES_ERROR;
				CLANG_WARN_QUOTED_INCLUDE_IN_FRAMEWORK_HEADER = YES;
				CLANG_WARN_RANGE_LOOP_ANALYSIS = YES;
				CLANG_WARN_STRICT_PROTOTYPES = YES;
				CLANG_WARN_SUSPICIOUS_MOVE = YES;
				CLANG_WARN_UNGUARDED_AVAILABILITY = YES_AGGRESSIVE;
				CLANG_WARN_UNREACHABLE_CODE = YES;
				CLANG_WARN__DUPLICATE_METHOD_MATCH = YES;
				COPY_PHASE_STRIP = NO;
				DEBUG_INFORMATION_FORMAT = dwarf;
				ENABLE_STRICT_OBJC_MSGSEND = YES;
				ENABLE_TESTABILITY = YES;
				GCC_C_LANGUAGE_STANDARD = gnu11;
				GCC_DYNAMIC_NO_PIC = NO;
				GCC_NO_COMMON_BLOCKS = YES;
				GCC_OPTIMIZATION_LEVEL = 0;
				GCC_PREPROCESSOR_DEFINITIONS = (
					"DEBUG=1",
					"$(inherited)",
				);
				GCC_WARN_64_TO_32_BIT_CONVERSION = YES;
				GCC_WARN_ABOUT_RETURN_TYPE = YES_ERROR;
				GCC_WARN_UNDECLARED_SELECTOR = YES;
				GCC_WARN_UNINITIALIZED_AUTOS = YES_AGGRESSIVE;
				GCC_WARN_UNUSED_FUNCTION = YES;
				GCC_WARN_UNUSED_VARIABLE = YES;
				IPHONEOS_DEPLOYMENT_TARGET = 15.2;
				MTL_ENABLE_DEBUG_INFO = INCLUDE_SOURCE;
				MTL_FAST_MATH = YES;
				ONLY_ACTIVE_ARCH = YES;
				SDKROOT = iphoneos;
				SWIFT_ACTIVE_COMPILATION_CONDITIONS = DEBUG;
				SWIFT_OPTIMIZATION_LEVEL = "-Onone";
			};
			name = Debug;
		};
		46DBDF7027EB89A3008679B4 /* Release */ = {
			isa = XCBuildConfiguration;
			buildSettings = {
				ALWAYS_SEARCH_USER_PATHS = NO;
				CLANG_ANALYZER_NONNULL = YES;
				CLANG_ANALYZER_NUMBER_OBJECT_CONVERSION = YES_AGGRESSIVE;
				CLANG_CXX_LANGUAGE_STANDARD = "gnu++17";
				CLANG_CXX_LIBRARY = "libc++";
				CLANG_ENABLE_MODULES = YES;
				CLANG_ENABLE_OBJC_ARC = YES;
				CLANG_ENABLE_OBJC_WEAK = YES;
				CLANG_WARN_BLOCK_CAPTURE_AUTORELEASING = YES;
				CLANG_WARN_BOOL_CONVERSION = YES;
				CLANG_WARN_COMMA = YES;
				CLANG_WARN_CONSTANT_CONVERSION = YES;
				CLANG_WARN_DEPRECATED_OBJC_IMPLEMENTATIONS = YES;
				CLANG_WARN_DIRECT_OBJC_ISA_USAGE = YES_ERROR;
				CLANG_WARN_DOCUMENTATION_COMMENTS = YES;
				CLANG_WARN_EMPTY_BODY = YES;
				CLANG_WARN_ENUM_CONVERSION = YES;
				CLANG_WARN_INFINITE_RECURSION = YES;
				CLANG_WARN_INT_CONVERSION = YES;
				CLANG_WARN_NON_LITERAL_NULL_CONVERSION = YES;
				CLANG_WARN_OBJC_IMPLICIT_RETAIN_SELF = YES;
				CLANG_WARN_OBJC_LITERAL_CONVERSION = YES;
				CLANG_WARN_OBJC_ROOT_CLASS = YES_ERROR;
				CLANG_WARN_QUOTED_INCLUDE_IN_FRAMEWORK_HEADER = YES;
				CLANG_WARN_RANGE_LOOP_ANALYSIS = YES;
				CLANG_WARN_STRICT_PROTOTYPES = YES;
				CLANG_WARN_SUSPICIOUS_MOVE = YES;
				CLANG_WARN_UNGUARDED_AVAILABILITY = YES_AGGRESSIVE;
				CLANG_WARN_UNREACHABLE_CODE = YES;
				CLANG_WARN__DUPLICATE_METHOD_MATCH = YES;
				COPY_PHASE_STRIP = NO;
				DEBUG_INFORMATION_FORMAT = "dwarf-with-dsym";
				ENABLE_NS_ASSERTIONS = NO;
				ENABLE_STRICT_OBJC_MSGSEND = YES;
				GCC_C_LANGUAGE_STANDARD = gnu11;
				GCC_NO_COMMON_BLOCKS = YES;
				GCC_WARN_64_TO_32_BIT_CONVERSION = YES;
				GCC_WARN_ABOUT_RETURN_TYPE = YES_ERROR;
				GCC_WARN_UNDECLARED_SELECTOR = YES;
				GCC_WARN_UNINITIALIZED_AUTOS = YES_AGGRESSIVE;
				GCC_WARN_UNUSED_FUNCTION = YES;
				GCC_WARN_UNUSED_VARIABLE = YES;
				IPHONEOS_DEPLOYMENT_TARGET = 15.2;
				MTL_ENABLE_DEBUG_INFO = NO;
				MTL_FAST_MATH = YES;
				SDKROOT = iphoneos;
				SWIFT_COMPILATION_MODE = wholemodule;
				SWIFT_OPTIMIZATION_LEVEL = "-O";
				VALIDATE_PRODUCT = YES;
			};
			name = Release;
		};
		46DBDF7227EB89A3008679B4 /* Debug */ = {
			isa = XCBuildConfiguration;
			baseConfigurationReference = 0E270FC4FAEB92038B357464 /* Pods-FirebaseConfig.debug.xcconfig */;
			buildSettings = {
				ASSETCATALOG_COMPILER_APPICON_NAME = AppIcon;
				ASSETCATALOG_COMPILER_GLOBAL_ACCENT_COLOR_NAME = AccentColor;
				CODE_SIGN_ENTITLEMENTS = FirebaseConfig/FirebaseConfigDebug.entitlements;
				CODE_SIGN_STYLE = Automatic;
				CURRENT_PROJECT_VERSION = 1;
				GENERATE_INFOPLIST_FILE = YES;
				INFOPLIST_FILE = FirebaseConfig/Info.plist;
				INFOPLIST_KEY_UIApplicationSupportsIndirectInputEvents = YES;
				INFOPLIST_KEY_UILaunchStoryboardName = LaunchScreen;
				INFOPLIST_KEY_UIMainStoryboardFile = Main;
				INFOPLIST_KEY_UISupportedInterfaceOrientations_iPad = "UIInterfaceOrientationPortrait UIInterfaceOrientationPortraitUpsideDown UIInterfaceOrientationLandscapeLeft UIInterfaceOrientationLandscapeRight";
				INFOPLIST_KEY_UISupportedInterfaceOrientations_iPhone = "UIInterfaceOrientationPortrait UIInterfaceOrientationLandscapeLeft UIInterfaceOrientationLandscapeRight";
				LD_RUNPATH_SEARCH_PATHS = (
					"$(inherited)",
					"@executable_path/Frameworks",
				);
				MARKETING_VERSION = 1.0;
				PRODUCT_BUNDLE_IDENTIFIER = "Curso-IOS.FirebaseConfig";
				PRODUCT_NAME = "$(TARGET_NAME)";
				SWIFT_EMIT_LOC_STRINGS = YES;
				SWIFT_VERSION = 5.0;
				TARGETED_DEVICE_FAMILY = "1,2";
			};
			name = Debug;
		};
		46DBDF7327EB89A3008679B4 /* Release */ = {
			isa = XCBuildConfiguration;
			baseConfigurationReference = 3D8A5EAC585C3AF6EF9919E9 /* Pods-FirebaseConfig.release.xcconfig */;
			buildSettings = {
				ASSETCATALOG_COMPILER_APPICON_NAME = AppIcon;
				ASSETCATALOG_COMPILER_GLOBAL_ACCENT_COLOR_NAME = AccentColor;
				CODE_SIGN_STYLE = Automatic;
				CURRENT_PROJECT_VERSION = 1;
				GENERATE_INFOPLIST_FILE = YES;
				INFOPLIST_FILE = FirebaseConfig/Info.plist;
				INFOPLIST_KEY_UIApplicationSupportsIndirectInputEvents = YES;
				INFOPLIST_KEY_UILaunchStoryboardName = LaunchScreen;
				INFOPLIST_KEY_UIMainStoryboardFile = Main;
				INFOPLIST_KEY_UISupportedInterfaceOrientations_iPad = "UIInterfaceOrientationPortrait UIInterfaceOrientationPortraitUpsideDown UIInterfaceOrientationLandscapeLeft UIInterfaceOrientationLandscapeRight";
				INFOPLIST_KEY_UISupportedInterfaceOrientations_iPhone = "UIInterfaceOrientationPortrait UIInterfaceOrientationLandscapeLeft UIInterfaceOrientationLandscapeRight";
				LD_RUNPATH_SEARCH_PATHS = (
					"$(inherited)",
					"@executable_path/Frameworks",
				);
				MARKETING_VERSION = 1.0;
				PRODUCT_BUNDLE_IDENTIFIER = "Curso-IOS.FirebaseConfig";
				PRODUCT_NAME = "$(TARGET_NAME)";
				SWIFT_EMIT_LOC_STRINGS = YES;
				SWIFT_VERSION = 5.0;
				TARGETED_DEVICE_FAMILY = "1,2";
			};
			name = Release;
		};
/* End XCBuildConfiguration section */

/* Begin XCConfigurationList section */
		46DBDF5827EB899F008679B4 /* Build configuration list for PBXProject "FirebaseConfig" */ = {
			isa = XCConfigurationList;
			buildConfigurations = (
				46DBDF6F27EB89A3008679B4 /* Debug */,
				46DBDF7027EB89A3008679B4 /* Release */,
			);
			defaultConfigurationIsVisible = 0;
			defaultConfigurationName = Release;
		};
		46DBDF7127EB89A3008679B4 /* Build configuration list for PBXNativeTarget "FirebaseConfig" */ = {
			isa = XCConfigurationList;
			buildConfigurations = (
				46DBDF7227EB89A3008679B4 /* Debug */,
				46DBDF7327EB89A3008679B4 /* Release */,
			);
			defaultConfigurationIsVisible = 0;
			defaultConfigurationName = Release;
		};
/* End XCConfigurationList section */
	};
	rootObject = 46DBDF5527EB899F008679B4 /* Project object */;
}
